
Microsoft Visual Studio Solution File, Format Version 12.00
# Visual Studio Version 16
VisualStudioVersion = 16.0.32106.194
MinimumVisualStudioVersion = 10.0.40219.1
Project("{FAE04EC0-301F-11D3-BF4B-00C04F79EFBC}") = "AgentsProject", "AgentsProject\AgentsProject.csproj", "{9562D118-7EAA-47EF-9A54-E78F19F2AA5E}"
EndProject
Project("{FAE04EC0-301F-11D3-BF4B-00C04F79EFBC}") = "AgentsProjectAPI", "AgentsProjectAPI\AgentsProjectAPI.csproj", "{01BF8310-FE69-43ED-B8F4-7F46682C8B5D}"
EndProject
Global
	GlobalSection(SolutionConfigurationPlatforms) = preSolution
		Debug|Any CPU = Debug|Any CPU
		Release|Any CPU = Release|Any CPU
	EndGlobalSection
	GlobalSection(ProjectConfigurationPlatforms) = postSolution
		{9562D118-7EAA-47EF-9A54-E78F19F2AA5E}.Debug|Any CPU.ActiveCfg = Debug|Any CPU
		{9562D118-7EAA-47EF-9A54-E78F19F2AA5E}.Debug|Any CPU.Build.0 = Debug|Any CPU
		{9562D118-7EAA-47EF-9A54-E78F19F2AA5E}.Release|Any CPU.ActiveCfg = Release|Any CPU
		{9562D118-7EAA-47EF-9A54-E78F19F2AA5E}.Release|Any CPU.Build.0 = Release|Any CPU
		{01BF8310-FE69-43ED-B8F4-7F46682C8B5D}.Debug|Any CPU.ActiveCfg = Debug|Any CPU
		{01BF8310-FE69-43ED-B8F4-7F46682C8B5D}.Debug|Any CPU.Build.0 = Debug|Any CPU
		{01BF8310-FE69-43ED-B8F4-7F46682C8B5D}.Release|Any CPU.ActiveCfg = Release|Any CPU
		{01BF8310-FE69-43ED-B8F4-7F46682C8B5D}.Release|Any CPU.Build.0 = Release|Any CPU
	EndGlobalSection
	GlobalSection(SolutionProperties) = preSolution
		HideSolutionNode = FALSE
	EndGlobalSection
	GlobalSection(ExtensibilityGlobals) = postSolution
		SolutionGuid = {664F34F2-E99D-4FAA-9C82-D2D6627B47A3}
	EndGlobalSection
EndGlobal
